// !$*UTF8*$!
{
	archiveVersion = 1;
	classes = {
	};
	objectVersion = 56;
	objects = {

/* Begin PBXBuildFile section */
		782AE66F2912B1D2001E15C1 /* PrimerCelda.swift in Sources */ = {isa = PBXBuildFile; fileRef = 782AE66E2912B1D2001E15C1 /* PrimerCelda.swift */; };
		7867BEB1290023ED00BAB940 /* AppDelegate.swift in Sources */ = {isa = PBXBuildFile; fileRef = 7867BEB0290023ED00BAB940 /* AppDelegate.swift */; };
		7867BEB3290023ED00BAB940 /* SceneDelegate.swift in Sources */ = {isa = PBXBuildFile; fileRef = 7867BEB2290023ED00BAB940 /* SceneDelegate.swift */; };
		7867BEB5290023ED00BAB940 /* ViewController.swift in Sources */ = {isa = PBXBuildFile; fileRef = 7867BEB4290023ED00BAB940 /* ViewController.swift */; };
		7867BEB8290023ED00BAB940 /* Main.storyboard in Resources */ = {isa = PBXBuildFile; fileRef = 7867BEB6290023ED00BAB940 /* Main.storyboard */; };
		7867BEBA290023EE00BAB940 /* Assets.xcassets in Resources */ = {isa = PBXBuildFile; fileRef = 7867BEB9290023EE00BAB940 /* Assets.xcassets */; };
		7867BEBD290023EE00BAB940 /* LaunchScreen.storyboard in Resources */ = {isa = PBXBuildFile; fileRef = 7867BEBB290023EE00BAB940 /* LaunchScreen.storyboard */; };
		7867BEC62900254F00BAB940 /* PostgresClientKit in Frameworks */ = {isa = PBXBuildFile; productRef = 7867BEC52900254F00BAB940 /* PostgresClientKit */; };
		789E0A922902CEB400A62C40 /* FirebaseAnalytics in Frameworks */ = {isa = PBXBuildFile; productRef = 789E0A912902CEB400A62C40 /* FirebaseAnalytics */; };
		789E0A942902CEB400A62C40 /* FirebaseDatabase in Frameworks */ = {isa = PBXBuildFile; productRef = 789E0A932902CEB400A62C40 /* FirebaseDatabase */; };
		789E0A962902CF6500A62C40 /* GoogleService-Info.plist in Resources */ = {isa = PBXBuildFile; fileRef = 789E0A952902CF6500A62C40 /* GoogleService-Info.plist */; };
/* End PBXBuildFile section */

/* Begin PBXFileReference section */
		782AE66E2912B1D2001E15C1 /* PrimerCelda.swift */ = {isa = PBXFileReference; lastKnownFileType = sourcecode.swift; path = PrimerCelda.swift; sourceTree = "<group>"; };
		7867BEAD290023ED00BAB940 /* database.app */ = {isa = PBXFileReference; explicitFileType = wrapper.application; includeInIndex = 0; path = database.app; sourceTree = BUILT_PRODUCTS_DIR; };
		7867BEB0290023ED00BAB940 /* AppDelegate.swift */ = {isa = PBXFileReference; lastKnownFileType = sourcecode.swift; path = AppDelegate.swift; sourceTree = "<group>"; };
		7867BEB2290023ED00BAB940 /* SceneDelegate.swift */ = {isa = PBXFileReference; lastKnownFileType = sourcecode.swift; path = SceneDelegate.swift; sourceTree = "<group>"; };
		7867BEB4290023ED00BAB940 /* ViewController.swift */ = {isa = PBXFileReference; lastKnownFileType = sourcecode.swift; path = ViewController.swift; sourceTree = "<group>"; };
		7867BEB7290023ED00BAB940 /* Base */ = {isa = PBXFileReference; lastKnownFileType = file.storyboard; name = Base; path = Base.lproj/Main.storyboard; sourceTree = "<group>"; };
		7867BEB9290023EE00BAB940 /* Assets.xcassets */ = {isa = PBXFileReference; lastKnownFileType = folder.assetcatalog; path = Assets.xcassets; sourceTree = "<group>"; };
		7867BEBC290023EE00BAB940 /* Base */ = {isa = PBXFileReference; lastKnownFileType = file.storyboard; name = Base; path = Base.lproj/LaunchScreen.storyboard; sourceTree = "<group>"; };
		7867BEBE290023EE00BAB940 /* Info.plist */ = {isa = PBXFileReference; lastKnownFileType = text.plist.xml; path = Info.plist; sourceTree = "<group>"; };
		789E0A952902CF6500A62C40 /* GoogleService-Info.plist */ = {isa = PBXFileReference; lastKnownFileType = text.plist; path = "GoogleService-Info.plist"; sourceTree = SOURCE_ROOT; };
/* End PBXFileReference section */

/* Begin PBXFrameworksBuildPhase section */
		7867BEAA290023ED00BAB940 /* Frameworks */ = {
			isa = PBXFrameworksBuildPhase;
			buildActionMask = 2147483647;
			files = (
				789E0A942902CEB400A62C40 /* FirebaseDatabase in Frameworks */,
				789E0A922902CEB400A62C40 /* FirebaseAnalytics in Frameworks */,
				7867BEC62900254F00BAB940 /* PostgresClientKit in Frameworks */,
			);
			runOnlyForDeploymentPostprocessing = 0;
		};
/* End PBXFrameworksBuildPhase section */

/* Begin PBXGroup section */
		7867BEA4290023ED00BAB940 = {
			isa = PBXGroup;
			children = (
				7867BEAF290023ED00BAB940 /* database */,
				7867BEAE290023ED00BAB940 /* Products */,
			);
			sourceTree = "<group>";
		};
		7867BEAE290023ED00BAB940 /* Products */ = {
			isa = PBXGroup;
			children = (
				7867BEAD290023ED00BAB940 /* database.app */,
			);
			name = Products;
			sourceTree = "<group>";
		};
		7867BEAF290023ED00BAB940 /* database */ = {
			isa = PBXGroup;
			children = (
				7867BEB0290023ED00BAB940 /* AppDelegate.swift */,
				7867BEB2290023ED00BAB940 /* SceneDelegate.swift */,
				7867BEB4290023ED00BAB940 /* ViewController.swift */,
				789E0A952902CF6500A62C40 /* GoogleService-Info.plist */,
				7867BEB6290023ED00BAB940 /* Main.storyboard */,
				7867BEB9290023EE00BAB940 /* Assets.xcassets */,
				7867BEBB290023EE00BAB940 /* LaunchScreen.storyboard */,
				7867BEBE290023EE00BAB940 /* Info.plist */,
				782AE66E2912B1D2001E15C1 /* PrimerCelda.swift */,
			);
			path = database;
			sourceTree = "<group>";
		};
/* End PBXGroup section */

/* Begin PBXNativeTarget section */
		7867BEAC290023ED00BAB940 /* database */ = {
			isa = PBXNativeTarget;
			buildConfigurationList = 7867BEC1290023EE00BAB940 /* Build configuration list for PBXNativeTarget "database" */;
			buildPhases = (
				7867BEA9290023ED00BAB940 /* Sources */,
				7867BEAA290023ED00BAB940 /* Frameworks */,
				7867BEAB290023ED00BAB940 /* Resources */,
			);
			buildRules = (
			);
			dependencies = (
			);
			name = database;
			packageProductDependencies = (
				7867BEC52900254F00BAB940 /* PostgresClientKit */,
				789E0A912902CEB400A62C40 /* FirebaseAnalytics */,
				789E0A932902CEB400A62C40 /* FirebaseDatabase */,
			);
			productName = database;
			productReference = 7867BEAD290023ED00BAB940 /* database.app */;
			productType = "com.apple.product-type.application";
		};
/* End PBXNativeTarget section */

/* Begin PBXProject section */
		7867BEA5290023ED00BAB940 /* Project object */ = {
			isa = PBXProject;
			attributes = {
				BuildIndependentTargetsInParallel = 1;
				LastSwiftUpdateCheck = 1400;
				LastUpgradeCheck = 1400;
				TargetAttributes = {
					7867BEAC290023ED00BAB940 = {
						CreatedOnToolsVersion = 14.0;
					};
				};
			};
			buildConfigurationList = 7867BEA8290023ED00BAB940 /* Build configuration list for PBXProject "database" */;
			compatibilityVersion = "Xcode 14.0";
			developmentRegion = en;
			hasScannedForEncodings = 0;
			knownRegions = (
				en,
				Base,
			);
			mainGroup = 7867BEA4290023ED00BAB940;
			packageReferences = (
				7867BEC42900254F00BAB940 /* XCRemoteSwiftPackageReference "PostgresClientKit" */,
				789E0A902902CEB400A62C40 /* XCRemoteSwiftPackageReference "firebase-ios-sdk" */,
			);
			productRefGroup = 7867BEAE290023ED00BAB940 /* Products */;
			projectDirPath = "";
			projectRoot = "";
			targets = (
				7867BEAC290023ED00BAB940 /* database */,
			);
		};
/* End PBXProject section */

/* Begin PBXResourcesBuildPhase section */
		7867BEAB290023ED00BAB940 /* Resources */ = {
			isa = PBXResourcesBuildPhase;
			buildActionMask = 2147483647;
			files = (
				7867BEBD290023EE00BAB940 /* LaunchScreen.storyboard in Resources */,
				789E0A962902CF6500A62C40 /* GoogleService-Info.plist in Resources */,
				7867BEBA290023EE00BAB940 /* Assets.xcassets in Resources */,
				7867BEB8290023ED00BAB940 /* Main.storyboard in Resources */,
			);
			runOnlyForDeploymentPostprocessing = 0;
		};
/* End PBXResourcesBuildPhase section */

/* Begin PBXSourcesBuildPhase section */
		7867BEA9290023ED00BAB940 /* Sources */ = {
			isa = PBXSourcesBuildPhase;
			buildActionMask = 2147483647;
			files = (
				782AE66F2912B1D2001E15C1 /* PrimerCelda.swift in Sources */,
				7867BEB5290023ED00BAB940 /* ViewController.swift in Sources */,
				7867BEB1290023ED00BAB940 /* AppDelegate.swift in Sources */,
				7867BEB3290023ED00BAB940 /* SceneDelegate.swift in Sources */,
			);
			runOnlyForDeploymentPostprocessing = 0;
		};
/* End PBXSourcesBuildPhase section */

/* Begin PBXVariantGroup section */
		7867BEB6290023ED00BAB940 /* Main.storyboard */ = {
			isa = PBXVariantGroup;
			children = (
				7867BEB7290023ED00BAB940 /* Base */,
			);
			name = Main.storyboard;
			sourceTree = "<group>";
		};
		7867BEBB290023EE00BAB940 /* LaunchScreen.storyboard */ = {
			isa = PBXVariantGroup;
			children = (
				7867BEBC290023EE00BAB940 /* Base */,
			);
			name = LaunchScreen.storyboard;
			sourceTree = "<group>";
		};
/* End PBXVariantGroup section */

/* Begin XCBuildConfiguration section */
		7867BEBF290023EE00BAB940 /* Debug */ = {
			isa = XCBuildConfiguration;
			buildSettings = {
				ALWAYS_SEARCH_USER_PATHS = NO;
				CLANG_ANALYZER_NONNULL = YES;
				CLANG_ANALYZER_NUMBER_OBJECT_CONVERSION = YES_AGGRESSIVE;
				CLANG_CXX_LANGUAGE_STANDARD = "gnu++20";
				CLANG_ENABLE_MODULES = YES;
				CLANG_ENABLE_OBJC_ARC = YES;
				CLANG_ENABLE_OBJC_WEAK = YES;
				CLANG_WARN_BLOCK_CAPTURE_AUTORELEASING = YES;
				CLANG_WARN_BOOL_CONVERSION = YES;
				CLANG_WARN_COMMA = YES;
				CLANG_WARN_CONSTANT_CONVERSION = YES;
				CLANG_WARN_DEPRECATED_OBJC_IMPLEMENTATIONS = YES;
				CLANG_WARN_DIRECT_OBJC_ISA_USAGE = YES_ERROR;
				CLANG_WARN_DOCUMENTATION_COMMENTS = YES;
				CLANG_WARN_EMPTY_BODY = YES;
				CLANG_WARN_ENUM_CONVERSION = YES;
				CLANG_WARN_INFINITE_RECURSION = YES;
				CLANG_WARN_INT_CONVERSION = YES;
				CLANG_WARN_NON_LITERAL_NULL_CONVERSION = YES;
				CLANG_WARN_OBJC_IMPLICIT_RETAIN_SELF = YES;
				CLANG_WARN_OBJC_LITERAL_CONVERSION = YES;
				CLANG_WARN_OBJC_ROOT_CLASS = YES_ERROR;
				CLANG_WARN_QUOTED_INCLUDE_IN_FRAMEWORK_HEADER = YES;
				CLANG_WARN_RANGE_LOOP_ANALYSIS = YES;
				CLANG_WARN_STRICT_PROTOTYPES = YES;
				CLANG_WARN_SUSPICIOUS_MOVE = YES;
				CLANG_WARN_UNGUARDED_AVAILABILITY = YES_AGGRESSIVE;
				CLANG_WARN_UNREACHABLE_CODE = YES;
				CLANG_WARN__DUPLICATE_METHOD_MATCH = YES;
				COPY_PHASE_STRIP = NO;
				DEBUG_INFORMATION_FORMAT = dwarf;
				ENABLE_STRICT_OBJC_MSGSEND = YES;
				ENABLE_TESTABILITY = YES;
				GCC_C_LANGUAGE_STANDARD = gnu11;
				GCC_DYNAMIC_NO_PIC = NO;
				GCC_NO_COMMON_BLOCKS = YES;
				GCC_OPTIMIZATION_LEVEL = 0;
				GCC_PREPROCESSOR_DEFINITIONS = (
					"DEBUG=1",
					"$(inherited)",
				);
				GCC_WARN_64_TO_32_BIT_CONVERSION = YES;
				GCC_WARN_ABOUT_RETURN_TYPE = YES_ERROR;
				GCC_WARN_UNDECLARED_SELECTOR = YES;
				GCC_WARN_UNINITIALIZED_AUTOS = YES_AGGRESSIVE;
				GCC_WARN_UNUSED_FUNCTION = YES;
				GCC_WARN_UNUSED_VARIABLE = YES;
				IPHONEOS_DEPLOYMENT_TARGET = 16.0;
				MTL_ENABLE_DEBUG_INFO = INCLUDE_SOURCE;
				MTL_FAST_MATH = YES;
				ONLY_ACTIVE_ARCH = YES;
				SDKROOT = iphoneos;
				SWIFT_ACTIVE_COMPILATION_CONDITIONS = DEBUG;
				SWIFT_OPTIMIZATION_LEVEL = "-Onone";
			};
			name = Debug;
		};
		7867BEC0290023EE00BAB940 /* Release */ = {
			isa = XCBuildConfiguration;
			buildSettings = {
				ALWAYS_SEARCH_USER_PATHS = NO;
				CLANG_ANALYZER_NONNULL = YES;
				CLANG_ANALYZER_NUMBER_OBJECT_CONVERSION = YES_AGGRESSIVE;
				CLANG_CXX_LANGUAGE_STANDARD = "gnu++20";
				CLANG_ENABLE_MODULES = YES;
				CLANG_ENABLE_OBJC_ARC = YES;
				CLANG_ENABLE_OBJC_WEAK = YES;
				CLANG_WARN_BLOCK_CAPTURE_AUTORELEASING = YES;
				CLANG_WARN_BOOL_CONVERSION = YES;
				CLANG_WARN_COMMA = YES;
				CLANG_WARN_CONSTANT_CONVERSION = YES;
				CLANG_WARN_DEPRECATED_OBJC_IMPLEMENTATIONS = YES;
				CLANG_WARN_DIRECT_OBJC_ISA_USAGE = YES_ERROR;
				CLANG_WARN_DOCUMENTATION_COMMENTS = YES;
				CLANG_WARN_EMPTY_BODY = YES;
				CLANG_WARN_ENUM_CONVERSION = YES;
				CLANG_WARN_INFINITE_RECURSION = YES;
				CLANG_WARN_INT_CONVERSION = YES;
				CLANG_WARN_NON_LITERAL_NULL_CONVERSION = YES;
				CLANG_WARN_OBJC_IMPLICIT_RETAIN_SELF = YES;
				CLANG_WARN_OBJC_LITERAL_CONVERSION = YES;
				CLANG_WARN_OBJC_ROOT_CLASS = YES_ERROR;
				CLANG_WARN_QUOTED_INCLUDE_IN_FRAMEWORK_HEADER = YES;
				CLANG_WARN_RANGE_LOOP_ANALYSIS = YES;
				CLANG_WARN_STRICT_PROTOTYPES = YES;
				CLANG_WARN_SUSPICIOUS_MOVE = YES;
				CLANG_WARN_UNGUARDED_AVAILABILITY = YES_AGGRESSIVE;
				CLANG_WARN_UNREACHABLE_CODE = YES;
				CLANG_WARN__DUPLICATE_METHOD_MATCH = YES;
				COPY_PHASE_STRIP = NO;
				DEBUG_INFORMATION_FORMAT = "dwarf-with-dsym";
				ENABLE_NS_ASSERTIONS = NO;
				ENABLE_STRICT_OBJC_MSGSEND = YES;
				GCC_C_LANGUAGE_STANDARD = gnu11;
				GCC_NO_COMMON_BLOCKS = YES;
				GCC_WARN_64_TO_32_BIT_CONVERSION = YES;
				GCC_WARN_ABOUT_RETURN_TYPE = YES_ERROR;
				GCC_WARN_UNDECLARED_SELECTOR = YES;
				GCC_WARN_UNINITIALIZED_AUTOS = YES_AGGRESSIVE;
				GCC_WARN_UNUSED_FUNCTION = YES;
				GCC_WARN_UNUSED_VARIABLE = YES;
				IPHONEOS_DEPLOYMENT_TARGET = 16.0;
				MTL_ENABLE_DEBUG_INFO = NO;
				MTL_FAST_MATH = YES;
				SDKROOT = iphoneos;
				SWIFT_COMPILATION_MODE = wholemodule;
				SWIFT_OPTIMIZATION_LEVEL = "-O";
				VALIDATE_PRODUCT = YES;
			};
			name = Release;
		};
		7867BEC2290023EE00BAB940 /* Debug */ = {
			isa = XCBuildConfiguration;
			buildSettings = {
				ASSETCATALOG_COMPILER_APPICON_NAME = AppIcon;
				ASSETCATALOG_COMPILER_GLOBAL_ACCENT_COLOR_NAME = AccentColor;
				CODE_SIGN_STYLE = Automatic;
				CURRENT_PROJECT_VERSION = 1;
				GENERATE_INFOPLIST_FILE = YES;
				INFOPLIST_FILE = database/Info.plist;
				INFOPLIST_KEY_UIApplicationSupportsIndirectInputEvents = YES;
				INFOPLIST_KEY_UILaunchStoryboardName = LaunchScreen;
				INFOPLIST_KEY_UIMainStoryboardFile = Main;
				INFOPLIST_KEY_UISupportedInterfaceOrientations_iPad = "UIInterfaceOrientationPortrait UIInterfaceOrientationPortraitUpsideDown UIInterfaceOrientationLandscapeLeft UIInterfaceOrientationLandscapeRight";
				INFOPLIST_KEY_UISupportedInterfaceOrientations_iPhone = "UIInterfaceOrientationPortrait UIInterfaceOrientationLandscapeLeft UIInterfaceOrientationLandscapeRight";
				LD_RUNPATH_SEARCH_PATHS = (
					"$(inherited)",
					"@executable_path/Frameworks",
				);
				MARKETING_VERSION = 1.0;
				PRODUCT_BUNDLE_IDENTIFIER = com.prueba.database;
				PRODUCT_NAME = "$(TARGET_NAME)";
				SWIFT_EMIT_LOC_STRINGS = YES;
				SWIFT_VERSION = 5.0;
				TARGETED_DEVICE_FAMILY = "1,2";
			};
			name = Debug;
		};
		7867BEC3290023EE00BAB940 /* Release */ = {
			isa = XCBuildConfiguration;
			buildSettings = {
				ASSETCATALOG_COMPILER_APPICON_NAME = AppIcon;
				ASSETCATALOG_COMPILER_GLOBAL_ACCENT_COLOR_NAME = AccentColor;
				CODE_SIGN_STYLE = Automatic;
				CURRENT_PROJECT_VERSION = 1;
				GENERATE_INFOPLIST_FILE = YES;
				INFOPLIST_FILE = database/Info.plist;
				INFOPLIST_KEY_UIApplicationSupportsIndirectInputEvents = YES;
				INFOPLIST_KEY_UILaunchStoryboardName = LaunchScreen;
				INFOPLIST_KEY_UIMainStoryboardFile = Main;
				INFOPLIST_KEY_UISupportedInterfaceOrientations_iPad = "UIInterfaceOrientationPortrait UIInterfaceOrientationPortraitUpsideDown UIInterfaceOrientationLandscapeLeft UIInterfaceOrientationLandscapeRight";
				INFOPLIST_KEY_UISupportedInterfaceOrientations_iPhone = "UIInterfaceOrientationPortrait UIInterfaceOrientationLandscapeLeft UIInterfaceOrientationLandscapeRight";
				LD_RUNPATH_SEARCH_PATHS = (
					"$(inherited)",
					"@executable_path/Frameworks",
				);
				MARKETING_VERSION = 1.0;
				PRODUCT_BUNDLE_IDENTIFIER = com.prueba.database;
				PRODUCT_NAME = "$(TARGET_NAME)";
				SWIFT_EMIT_LOC_STRINGS = YES;
				SWIFT_VERSION = 5.0;
				TARGETED_DEVICE_FAMILY = "1,2";
			};
			name = Release;
		};
/* End XCBuildConfiguration section */

/* Begin XCConfigurationList section */
		7867BEA8290023ED00BAB940 /* Build configuration list for PBXProject "database" */ = {
			isa = XCConfigurationList;
			buildConfigurations = (
				7867BEBF290023EE00BAB940 /* Debug */,
				7867BEC0290023EE00BAB940 /* Release */,
			);
			defaultConfigurationIsVisible = 0;
			defaultConfigurationName = Release;
		};
		7867BEC1290023EE00BAB940 /* Build configuration list for PBXNativeTarget "database" */ = {
			isa = XCConfigurationList;
			buildConfigurations = (
				7867BEC2290023EE00BAB940 /* Debug */,
				7867BEC3290023EE00BAB940 /* Release */,
			);
			defaultConfigurationIsVisible = 0;
			defaultConfigurationName = Release;
		};
/* End XCConfigurationList section */

/* Begin XCRemoteSwiftPackageReference section */
		7867BEC42900254F00BAB940 /* XCRemoteSwiftPackageReference "PostgresClientKit" */ = {
			isa = XCRemoteSwiftPackageReference;
			repositoryURL = "https://github.com/codewinsdotcom/PostgresClientKit";
			requirement = {
				branch = master;
				kind = branch;
			};
		};
		789E0A902902CEB400A62C40 /* XCRemoteSwiftPackageReference "firebase-ios-sdk" */ = {
			isa = XCRemoteSwiftPackageReference;
			repositoryURL = "https://github.com/firebase/firebase-ios-sdk";
			requirement = {
				kind = upToNextMajorVersion;
				minimumVersion = 9.0.0;
			};
		};
/* End XCRemoteSwiftPackageReference section */

/* Begin XCSwiftPackageProductDependency section */
		7867BEC52900254F00BAB940 /* PostgresClientKit */ = {
			isa = XCSwiftPackageProductDependency;
			package = 7867BEC42900254F00BAB940 /* XCRemoteSwiftPackageReference "PostgresClientKit" */;
			productName = PostgresClientKit;
		};
		789E0A912902CEB400A62C40 /* FirebaseAnalytics */ = {
			isa = XCSwiftPackageProductDependency;
			package = 789E0A902902CEB400A62C40 /* XCRemoteSwiftPackageReference "firebase-ios-sdk" */;
			productName = FirebaseAnalytics;
		};
		789E0A932902CEB400A62C40 /* FirebaseDatabase */ = {
			isa = XCSwiftPackageProductDependency;
			package = 789E0A902902CEB400A62C40 /* XCRemoteSwiftPackageReference "firebase-ios-sdk" */;
			productName = FirebaseDatabase;
		};
/* End XCSwiftPackageProductDependency section */
	};
	rootObject = 7867BEA5290023ED00BAB940 /* Project object */;
}
